
Microsoft Visual Studio Solution File, Format Version 12.00
# Visual Studio Version 16
VisualStudioVersion = 16.0.810.6
MinimumVisualStudioVersion = 10.0.40219.1
Project("{9A19103F-16F7-4668-BE54-9A1E7A4F7556}") = "RedisDemo", "RedisDemo\RedisDemo.csproj", "{F5D53BF1-1D3C-4ACA-B34E-1DA33EA49C10}"
EndProject
Project("{FAE04EC0-301F-11D3-BF4B-00C04F79EFBC}") = "RedisDemoMVC", "RedisDemoMVC\RedisDemoMVC.csproj", "{1481207D-EDE8-4350-BE10-A7B95E226E7B}"
EndProject
Global
	GlobalSection(SolutionConfigurationPlatforms) = preSolution
		Debug|Any CPU = Debug|Any CPU
		Release|Any CPU = Release|Any CPU
	EndGlobalSection
	GlobalSection(ProjectConfigurationPlatforms) = postSolution
		{F5D53BF1-1D3C-4ACA-B34E-1DA33EA49C10}.Debug|Any CPU.ActiveCfg = Debug|Any CPU
		{F5D53BF1-1D3C-4ACA-B34E-1DA33EA49C10}.Debug|Any CPU.Build.0 = Debug|Any CPU
		{F5D53BF1-1D3C-4ACA-B34E-1DA33EA49C10}.Release|Any CPU.ActiveCfg = Release|Any CPU
		{F5D53BF1-1D3C-4ACA-B34E-1DA33EA49C10}.Release|Any CPU.Build.0 = Release|Any CPU
		{1481207D-EDE8-4350-BE10-A7B95E226E7B}.Debug|Any CPU.ActiveCfg = Debug|Any CPU
		{1481207D-EDE8-4350-BE10-A7B95E226E7B}.Debug|Any CPU.Build.0 = Debug|Any CPU
		{1481207D-EDE8-4350-BE10-A7B95E226E7B}.Release|Any CPU.ActiveCfg = Release|Any CPU
		{1481207D-EDE8-4350-BE10-A7B95E226E7B}.Release|Any CPU.Build.0 = Release|Any CPU
	EndGlobalSection
	GlobalSection(SolutionProperties) = preSolution
		HideSolutionNode = FALSE
	EndGlobalSection
	GlobalSection(ExtensibilityGlobals) = postSolution
		SolutionGuid = {CE910660-BDA7-499E-800D-97A9ABDA9E3C}
	EndGlobalSection
EndGlobal
